
Microsoft Visual Studio Solution File, Format Version 12.00
# Visual Studio Version 17
VisualStudioVersion = 17.0.31903.59
MinimumVisualStudioVersion = 10.0.40219.1
Project("{2150E333-8FDC-42A3-9474-1A3956D46DE8}") = "src", "src", "{827E0CD3-B72D-47B6-A68D-7590B98EB39B}"
EndProject
Project("{FAE04EC0-301F-11D3-BF4B-00C04F79EFBC}") = "BloodWatch.Core", "src\BloodWatch.Core\BloodWatch.Core.csproj", "{9B4129C8-AD68-48AD-9C4B-DDF416A939D1}"
EndProject
Project("{FAE04EC0-301F-11D3-BF4B-00C04F79EFBC}") = "BloodWatch.Infrastructure", "src\BloodWatch.Infrastructure\BloodWatch.Infrastructure.csproj", "{515D95AE-D2E4-4E25-9F96-33C33C85E273}"
EndProject
Project("{FAE04EC0-301F-11D3-BF4B-00C04F79EFBC}") = "BloodWatch.Api", "src\BloodWatch.Api\BloodWatch.Api.csproj", "{AF70C121-15A7-4441-A31D-B95BAE4B0FDF}"
EndProject
Project("{FAE04EC0-301F-11D3-BF4B-00C04F79EFBC}") = "BloodWatch.Worker", "src\BloodWatch.Worker\BloodWatch.Worker.csproj", "{783A96E9-4EB2-4B41-AD7B-E7A92B8E466B}"
EndProject
Project("{FAE04EC0-301F-11D3-BF4B-00C04F79EFBC}") = "BloodWatch.Adapters.Portugal", "src\BloodWatch.Adapters.Portugal\BloodWatch.Adapters.Portugal.csproj", "{DB37AD0A-B93B-41D9-9554-45FDDB862DBD}"
EndProject
Project("{FAE04EC0-301F-11D3-BF4B-00C04F79EFBC}") = "BloodWatch.Core.Tests", "tests\BloodWatch.Core.Tests\BloodWatch.Core.Tests.csproj", "{D68E1E42-FB1D-47B3-88D7-928F34882A68}"
EndProject
Global
	GlobalSection(SolutionConfigurationPlatforms) = preSolution
		Debug|Any CPU = Debug|Any CPU
		Debug|x64 = Debug|x64
		Debug|x86 = Debug|x86
		Release|Any CPU = Release|Any CPU
		Release|x64 = Release|x64
		Release|x86 = Release|x86
	EndGlobalSection
	GlobalSection(ProjectConfigurationPlatforms) = postSolution
		{9B4129C8-AD68-48AD-9C4B-DDF416A939D1}.Debug|Any CPU.ActiveCfg = Debug|Any CPU
		{9B4129C8-AD68-48AD-9C4B-DDF416A939D1}.Debug|Any CPU.Build.0 = Debug|Any CPU
		{9B4129C8-AD68-48AD-9C4B-DDF416A939D1}.Debug|x64.ActiveCfg = Debug|Any CPU
		{9B4129C8-AD68-48AD-9C4B-DDF416A939D1}.Debug|x64.Build.0 = Debug|Any CPU
		{9B4129C8-AD68-48AD-9C4B-DDF416A939D1}.Debug|x86.ActiveCfg = Debug|Any CPU
		{9B4129C8-AD68-48AD-9C4B-DDF416A939D1}.Debug|x86.Build.0 = Debug|Any CPU
		{9B4129C8-AD68-48AD-9C4B-DDF416A939D1}.Release|Any CPU.ActiveCfg = Release|Any CPU
		{9B4129C8-AD68-48AD-9C4B-DDF416A939D1}.Release|Any CPU.Build.0 = Release|Any CPU
		{9B4129C8-AD68-48AD-9C4B-DDF416A939D1}.Release|x64.ActiveCfg = Release|Any CPU
		{9B4129C8-AD68-48AD-9C4B-DDF416A939D1}.Release|x64.Build.0 = Release|Any CPU
		{9B4129C8-AD68-48AD-9C4B-DDF416A939D1}.Release|x86.ActiveCfg = Release|Any CPU
		{9B4129C8-AD68-48AD-9C4B-DDF416A939D1}.Release|x86.Build.0 = Release|Any CPU
		{515D95AE-D2E4-4E25-9F96-33C33C85E273}.Debug|Any CPU.ActiveCfg = Debug|Any CPU
		{515D95AE-D2E4-4E25-9F96-33C33C85E273}.Debug|Any CPU.Build.0 = Debug|Any CPU
		{515D95AE-D2E4-4E25-9F96-33C33C85E273}.Debug|x64.ActiveCfg = Debug|Any CPU
		{515D95AE-D2E4-4E25-9F96-33C33C85E273}.Debug|x64.Build.0 = Debug|Any CPU
		{515D95AE-D2E4-4E25-9F96-33C33C85E273}.Debug|x86.ActiveCfg = Debug|Any CPU
		{515D95AE-D2E4-4E25-9F96-33C33C85E273}.Debug|x86.Build.0 = Debug|Any CPU
		{515D95AE-D2E4-4E25-9F96-33C33C85E273}.Release|Any CPU.ActiveCfg = Release|Any CPU
		{515D95AE-D2E4-4E25-9F96-33C33C85E273}.Release|Any CPU.Build.0 = Release|Any CPU
		{515D95AE-D2E4-4E25-9F96-33C33C85E273}.Release|x64.ActiveCfg = Release|Any CPU
		{515D95AE-D2E4-4E25-9F96-33C33C85E273}.Release|x64.Build.0 = Release|Any CPU
		{515D95AE-D2E4-4E25-9F96-33C33C85E273}.Release|x86.ActiveCfg = Release|Any CPU
		{515D95AE-D2E4-4E25-9F96-33C33C85E273}.Release|x86.Build.0 = Release|Any CPU
		{AF70C121-15A7-4441-A31D-B95BAE4B0FDF}.Debug|Any CPU.ActiveCfg = Debug|Any CPU
		{AF70C121-15A7-4441-A31D-B95BAE4B0FDF}.Debug|Any CPU.Build.0 = Debug|Any CPU
		{AF70C121-15A7-4441-A31D-B95BAE4B0FDF}.Debug|x64.ActiveCfg = Debug|Any CPU
		{AF70C121-15A7-4441-A31D-B95BAE4B0FDF}.Debug|x64.Build.0 = Debug|Any CPU
		{AF70C121-15A7-4441-A31D-B95BAE4B0FDF}.Debug|x86.ActiveCfg = Debug|Any CPU
		{AF70C121-15A7-4441-A31D-B95BAE4B0FDF}.Debug|x86.Build.0 = Debug|Any CPU
		{AF70C121-15A7-4441-A31D-B95BAE4B0FDF}.Release|Any CPU.ActiveCfg = Release|Any CPU
		{AF70C121-15A7-4441-A31D-B95BAE4B0FDF}.Release|Any CPU.Build.0 = Release|Any CPU
		{AF70C121-15A7-4441-A31D-B95BAE4B0FDF}.Release|x64.ActiveCfg = Release|Any CPU
		{AF70C121-15A7-4441-A31D-B95BAE4B0FDF}.Release|x64.Build.0 = Release|Any CPU
		{AF70C121-15A7-4441-A31D-B95BAE4B0FDF}.Release|x86.ActiveCfg = Release|Any CPU
		{AF70C121-15A7-4441-A31D-B95BAE4B0FDF}.Release|x86.Build.0 = Release|Any CPU
		{783A96E9-4EB2-4B41-AD7B-E7A92B8E466B}.Debug|Any CPU.ActiveCfg = Debug|Any CPU
		{783A96E9-4EB2-4B41-AD7B-E7A92B8E466B}.Debug|Any CPU.Build.0 = Debug|Any CPU
		{783A96E9-4EB2-4B41-AD7B-E7A92B8E466B}.Debug|x64.ActiveCfg = Debug|Any CPU
		{783A96E9-4EB2-4B41-AD7B-E7A92B8E466B}.Debug|x64.Build.0 = Debug|Any CPU
		{783A96E9-4EB2-4B41-AD7B-E7A92B8E466B}.Debug|x86.ActiveCfg = Debug|Any CPU
		{783A96E9-4EB2-4B41-AD7B-E7A92B8E466B}.Debug|x86.Build.0 = Debug|Any CPU
		{783A96E9-4EB2-4B41-AD7B-E7A92B8E466B}.Release|Any CPU.ActiveCfg = Release|Any CPU
		{783A96E9-4EB2-4B41-AD7B-E7A92B8E466B}.Release|Any CPU.Build.0 = Release|Any CPU
		{783A96E9-4EB2-4B41-AD7B-E7A92B8E466B}.Release|x64.ActiveCfg = Release|Any CPU
		{783A96E9-4EB2-4B41-AD7B-E7A92B8E466B}.Release|x64.Build.0 = Release|Any CPU
		{783A96E9-4EB2-4B41-AD7B-E7A92B8E466B}.Release|x86.ActiveCfg = Release|Any CPU
		{783A96E9-4EB2-4B41-AD7B-E7A92B8E466B}.Release|x86.Build.0 = Release|Any CPU
		{DB37AD0A-B93B-41D9-9554-45FDDB862DBD}.Debug|Any CPU.ActiveCfg = Debug|Any CPU
		{DB37AD0A-B93B-41D9-9554-45FDDB862DBD}.Debug|Any CPU.Build.0 = Debug|Any CPU
		{DB37AD0A-B93B-41D9-9554-45FDDB862DBD}.Debug|x64.ActiveCfg = Debug|Any CPU
		{DB37AD0A-B93B-41D9-9554-45FDDB862DBD}.Debug|x64.Build.0 = Debug|Any CPU
		{DB37AD0A-B93B-41D9-9554-45FDDB862DBD}.Debug|x86.ActiveCfg = Debug|Any CPU
		{DB37AD0A-B93B-41D9-9554-45FDDB862DBD}.Debug|x86.Build.0 = Debug|Any CPU
		{DB37AD0A-B93B-41D9-9554-45FDDB862DBD}.Release|Any CPU.ActiveCfg = Release|Any CPU
		{DB37AD0A-B93B-41D9-9554-45FDDB862DBD}.Release|Any CPU.Build.0 = Release|Any CPU
		{DB37AD0A-B93B-41D9-9554-45FDDB862DBD}.Release|x64.ActiveCfg = Release|Any CPU
		{DB37AD0A-B93B-41D9-9554-45FDDB862DBD}.Release|x64.Build.0 = Release|Any CPU
		{DB37AD0A-B93B-41D9-9554-45FDDB862DBD}.Release|x86.ActiveCfg = Release|Any CPU
		{DB37AD0A-B93B-41D9-9554-45FDDB862DBD}.Release|x86.Build.0 = Release|Any CPU
		{D68E1E42-FB1D-47B3-88D7-928F34882A68}.Debug|Any CPU.ActiveCfg = Debug|Any CPU
		{D68E1E42-FB1D-47B3-88D7-928F34882A68}.Debug|Any CPU.Build.0 = Debug|Any CPU
		{D68E1E42-FB1D-47B3-88D7-928F34882A68}.Debug|x64.ActiveCfg = Debug|Any CPU
		{D68E1E42-FB1D-47B3-88D7-928F34882A68}.Debug|x64.Build.0 = Debug|Any CPU
		{D68E1E42-FB1D-47B3-88D7-928F34882A68}.Debug|x86.ActiveCfg = Debug|Any CPU
		{D68E1E42-FB1D-47B3-88D7-928F34882A68}.Debug|x86.Build.0 = Debug|Any CPU
		{D68E1E42-FB1D-47B3-88D7-928F34882A68}.Release|Any CPU.ActiveCfg = Release|Any CPU
		{D68E1E42-FB1D-47B3-88D7-928F34882A68}.Release|Any CPU.Build.0 = Release|Any CPU
		{D68E1E42-FB1D-47B3-88D7-928F34882A68}.Release|x64.ActiveCfg = Release|Any CPU
		{D68E1E42-FB1D-47B3-88D7-928F34882A68}.Release|x64.Build.0 = Release|Any CPU
		{D68E1E42-FB1D-47B3-88D7-928F34882A68}.Release|x86.ActiveCfg = Release|Any CPU
		{D68E1E42-FB1D-47B3-88D7-928F34882A68}.Release|x86.Build.0 = Release|Any CPU
	EndGlobalSection
	GlobalSection(SolutionProperties) = preSolution
		HideSolutionNode = FALSE
	EndGlobalSection
	GlobalSection(NestedProjects) = preSolution
		{9B4129C8-AD68-48AD-9C4B-DDF416A939D1} = {827E0CD3-B72D-47B6-A68D-7590B98EB39B}
		{515D95AE-D2E4-4E25-9F96-33C33C85E273} = {827E0CD3-B72D-47B6-A68D-7590B98EB39B}
		{AF70C121-15A7-4441-A31D-B95BAE4B0FDF} = {827E0CD3-B72D-47B6-A68D-7590B98EB39B}
		{783A96E9-4EB2-4B41-AD7B-E7A92B8E466B} = {827E0CD3-B72D-47B6-A68D-7590B98EB39B}
		{DB37AD0A-B93B-41D9-9554-45FDDB862DBD} = {827E0CD3-B72D-47B6-A68D-7590B98EB39B}
		{D68E1E42-FB1D-47B3-88D7-928F34882A68} = {827E0CD3-B72D-47B6-A68D-7590B98EB39B}
	EndGlobalSection
EndGlobal
